// !$*UTF8*$!
{
	archiveVersion = 1;
	classes = {
	};
	objectVersion = 46;
	objects = {

/* Begin PBXBuildFile section */
		2599B0DCC501F5A280F1F2AD /* libPods.a in Frameworks */ = {isa = PBXBuildFile; fileRef = A72D3005C1F017051940842E /* libPods.a */; };
		3F1CA49819E3BE1700FA1CA8 /* User.m in Sources */ = {isa = PBXBuildFile; fileRef = 3F1CA49719E3BE1700FA1CA8 /* User.m */; };
		3F1CA49919E3BE1700FA1CA8 /* User.m in Sources */ = {isa = PBXBuildFile; fileRef = 3F1CA49719E3BE1700FA1CA8 /* User.m */; };
		3F1CA4A119ECA0DF00FA1CA8 /* Settings.bundle in Resources */ = {isa = PBXBuildFile; fileRef = 3F1CA4A019ECA0DF00FA1CA8 /* Settings.bundle */; };
		3F1CA4A219ECA0DF00FA1CA8 /* Settings.bundle in Resources */ = {isa = PBXBuildFile; fileRef = 3F1CA4A019ECA0DF00FA1CA8 /* Settings.bundle */; };
		3F35E83B1A08799E008A474A /* Entry.m in Sources */ = {isa = PBXBuildFile; fileRef = 3F35E83A1A08799E008A474A /* Entry.m */; };
		3F35E83D1A0879C1008A474A /* EntryTest.m in Sources */ = {isa = PBXBuildFile; fileRef = 3F35E83C1A0879C1008A474A /* EntryTest.m */; };
		3F35E83F1A0879DE008A474A /* WaitlistQueue.m in Sources */ = {isa = PBXBuildFile; fileRef = 3F35E83E1A0879DE008A474A /* WaitlistQueue.m */; };
		3F35E8411A0879F7008A474A /* Waitlist.m in Sources */ = {isa = PBXBuildFile; fileRef = 3F35E8401A0879F7008A474A /* Waitlist.m */; };
		3F3FD72319DB4EBC00AAEF97 /* Foundation.framework in Frameworks */ = {isa = PBXBuildFile; fileRef = 3F3FD72219DB4EBC00AAEF97 /* Foundation.framework */; };
		3F3FD72519DB4EBC00AAEF97 /* CoreGraphics.framework in Frameworks */ = {isa = PBXBuildFile; fileRef = 3F3FD72419DB4EBC00AAEF97 /* CoreGraphics.framework */; };
		3F3FD72719DB4EBC00AAEF97 /* UIKit.framework in Frameworks */ = {isa = PBXBuildFile; fileRef = 3F3FD72619DB4EBC00AAEF97 /* UIKit.framework */; };
		3F3FD72D19DB4EBC00AAEF97 /* InfoPlist.strings in Resources */ = {isa = PBXBuildFile; fileRef = 3F3FD72B19DB4EBC00AAEF97 /* InfoPlist.strings */; };
		3F3FD72F19DB4EBC00AAEF97 /* main.m in Sources */ = {isa = PBXBuildFile; fileRef = 3F3FD72E19DB4EBC00AAEF97 /* main.m */; };
		3F3FD73319DB4EBC00AAEF97 /* AppDelegate.m in Sources */ = {isa = PBXBuildFile; fileRef = 3F3FD73219DB4EBC00AAEF97 /* AppDelegate.m */; };
		3F3FD73619DB4EBC00AAEF97 /* Main_iPhone.storyboard in Resources */ = {isa = PBXBuildFile; fileRef = 3F3FD73419DB4EBC00AAEF97 /* Main_iPhone.storyboard */; };
		3F3FD73919DB4EBC00AAEF97 /* Main_iPad.storyboard in Resources */ = {isa = PBXBuildFile; fileRef = 3F3FD73719DB4EBC00AAEF97 /* Main_iPad.storyboard */; };
		3F3FD73C19DB4EBC00AAEF97 /* ViewController.m in Sources */ = {isa = PBXBuildFile; fileRef = 3F3FD73B19DB4EBC00AAEF97 /* ViewController.m */; };
		3F3FD73E19DB4EBC00AAEF97 /* Images.xcassets in Resources */ = {isa = PBXBuildFile; fileRef = 3F3FD73D19DB4EBC00AAEF97 /* Images.xcassets */; };
		3F3FD74519DB4EBC00AAEF97 /* XCTest.framework in Frameworks */ = {isa = PBXBuildFile; fileRef = 3F3FD74419DB4EBC00AAEF97 /* XCTest.framework */; };
		3F3FD74619DB4EBC00AAEF97 /* Foundation.framework in Frameworks */ = {isa = PBXBuildFile; fileRef = 3F3FD72219DB4EBC00AAEF97 /* Foundation.framework */; };
		3F3FD74719DB4EBC00AAEF97 /* UIKit.framework in Frameworks */ = {isa = PBXBuildFile; fileRef = 3F3FD72619DB4EBC00AAEF97 /* UIKit.framework */; };
		3F3FD74F19DB4EBC00AAEF97 /* InfoPlist.strings in Resources */ = {isa = PBXBuildFile; fileRef = 3F3FD74D19DB4EBC00AAEF97 /* InfoPlist.strings */; };
		3F3FD75119DB4EBC00AAEF97 /* buhzerTests.m in Sources */ = {isa = PBXBuildFile; fileRef = 3F3FD75019DB4EBC00AAEF97 /* buhzerTests.m */; };
		3F3FD75B19DB528600AAEF97 /* AddressBook.framework in Frameworks */ = {isa = PBXBuildFile; fileRef = 3F3FD75A19DB528600AAEF97 /* AddressBook.framework */; };
		3F3FD75D19DB528D00AAEF97 /* AssetsLibrary.framework in Frameworks */ = {isa = PBXBuildFile; fileRef = 3F3FD75C19DB528D00AAEF97 /* AssetsLibrary.framework */; };
		3F3FD76419DB52D100AAEF97 /* CoreLocation.framework in Frameworks */ = {isa = PBXBuildFile; fileRef = 3F3FD75E19DB52D100AAEF97 /* CoreLocation.framework */; };
		3F3FD76519DB52D100AAEF97 /* CoreMotion.framework in Frameworks */ = {isa = PBXBuildFile; fileRef = 3F3FD75F19DB52D100AAEF97 /* CoreMotion.framework */; };
		3F3FD76619DB52D100AAEF97 /* CoreText.framework in Frameworks */ = {isa = PBXBuildFile; fileRef = 3F3FD76019DB52D100AAEF97 /* CoreText.framework */; };
		3F3FD76719DB52D100AAEF97 /* MediaPlayer.framework in Frameworks */ = {isa = PBXBuildFile; fileRef = 3F3FD76119DB52D100AAEF97 /* MediaPlayer.framework */; };
		3F3FD76819DB52D100AAEF97 /* Security.framework in Frameworks */ = {isa = PBXBuildFile; fileRef = 3F3FD76219DB52D100AAEF97 /* Security.framework */; };
		3F3FD76919DB52D100AAEF97 /* SystemConfiguration.framework in Frameworks */ = {isa = PBXBuildFile; fileRef = 3F3FD76319DB52D100AAEF97 /* SystemConfiguration.framework */; };
		3F3FD77119DB548500AAEF97 /* GoogleOpenSource.framework in Frameworks */ = {isa = PBXBuildFile; fileRef = 3F3FD77019DB548500AAEF97 /* GoogleOpenSource.framework */; };
		3F3FD77319DB549300AAEF97 /* GooglePlus.framework in Frameworks */ = {isa = PBXBuildFile; fileRef = 3F3FD77219DB549300AAEF97 /* GooglePlus.framework */; };
		3F3FD77519DB55D900AAEF97 /* GooglePlus.bundle in Resources */ = {isa = PBXBuildFile; fileRef = 3F3FD77419DB55D900AAEF97 /* GooglePlus.bundle */; };
		3F3FD77619DB55D900AAEF97 /* GooglePlus.bundle in Resources */ = {isa = PBXBuildFile; fileRef = 3F3FD77419DB55D900AAEF97 /* GooglePlus.bundle */; };
		3F8A0B5619ECB30E008F3F8B /* ProviderViewController.m in Sources */ = {isa = PBXBuildFile; fileRef = 3F8A0B5519ECB30E008F3F8B /* ProviderViewController.m */; };
		3F8A0B5719ECB30E008F3F8B /* ProviderViewController.m in Sources */ = {isa = PBXBuildFile; fileRef = 3F8A0B5519ECB30E008F3F8B /* ProviderViewController.m */; };
		3F8A0B5E19F60846008F3F8B /* buzher-logo.png in Resources */ = {isa = PBXBuildFile; fileRef = 3F8A0B5D19F60846008F3F8B /* buzher-logo.png */; };
		3F8A0B5F19F60846008F3F8B /* buzher-logo.png in Resources */ = {isa = PBXBuildFile; fileRef = 3F8A0B5D19F60846008F3F8B /* buzher-logo.png */; };
		3FB00D7F19E233690040AC87 /* HomeViewController.m in Sources */ = {isa = PBXBuildFile; fileRef = 3FB00D7E19E233690040AC87 /* HomeViewController.m */; };
		3FB00EE819E3B5E90040AC87 /* Podfile in Resources */ = {isa = PBXBuildFile; fileRef = 3FB00EE719E3B5E90040AC87 /* Podfile */; };
/* End PBXBuildFile section */

/* Begin PBXContainerItemProxy section */
		3F3FD74819DB4EBC00AAEF97 /* PBXContainerItemProxy */ = {
			isa = PBXContainerItemProxy;
			containerPortal = 3F3FD71719DB4EBC00AAEF97 /* Project object */;
			proxyType = 1;
			remoteGlobalIDString = 3F3FD71E19DB4EBC00AAEF97;
			remoteInfo = buhzer;
		};
/* End PBXContainerItemProxy section */

/* Begin PBXFileReference section */
		3F1CA49719E3BE1700FA1CA8 /* User.m */ = {isa = PBXFileReference; fileEncoding = 4; lastKnownFileType = sourcecode.c.objc; path = User.m; sourceTree = "<group>"; };
		3F1CA4A019ECA0DF00FA1CA8 /* Settings.bundle */ = {isa = PBXFileReference; lastKnownFileType = "wrapper.plug-in"; path = Settings.bundle; sourceTree = "<group>"; };
		3F35E83A1A08799E008A474A /* Entry.m */ = {isa = PBXFileReference; fileEncoding = 4; lastKnownFileType = sourcecode.c.objc; path = Entry.m; sourceTree = "<group>"; };
		3F35E83C1A0879C1008A474A /* EntryTest.m */ = {isa = PBXFileReference; fileEncoding = 4; lastKnownFileType = sourcecode.c.objc; path = EntryTest.m; sourceTree = "<group>"; };
		3F35E83E1A0879DE008A474A /* WaitlistQueue.m */ = {isa = PBXFileReference; fileEncoding = 4; lastKnownFileType = sourcecode.c.objc; path = WaitlistQueue.m; sourceTree = "<group>"; };
		3F35E8401A0879F7008A474A /* Waitlist.m */ = {isa = PBXFileReference; fileEncoding = 4; lastKnownFileType = sourcecode.c.objc; path = Waitlist.m; sourceTree = "<group>"; };
		3F35E8421A087A39008A474A /* Waitlist.h */ = {isa = PBXFileReference; fileEncoding = 4; lastKnownFileType = sourcecode.c.h; path = Waitlist.h; sourceTree = "<group>"; };
		3F35E8431A087A47008A474A /* Entry.h */ = {isa = PBXFileReference; lastKnownFileType = sourcecode.c.h; path = Entry.h; sourceTree = "<group>"; };
		3F35E8441A087A51008A474A /* WaitlistQueue.h */ = {isa = PBXFileReference; lastKnownFileType = sourcecode.c.h; path = WaitlistQueue.h; sourceTree = "<group>"; };
		3F3FD71F19DB4EBC00AAEF97 /* buhzer.app */ = {isa = PBXFileReference; explicitFileType = wrapper.application; includeInIndex = 0; path = buhzer.app; sourceTree = BUILT_PRODUCTS_DIR; };
		3F3FD72219DB4EBC00AAEF97 /* Foundation.framework */ = {isa = PBXFileReference; lastKnownFileType = wrapper.framework; name = Foundation.framework; path = System/Library/Frameworks/Foundation.framework; sourceTree = SDKROOT; };
		3F3FD72419DB4EBC00AAEF97 /* CoreGraphics.framework */ = {isa = PBXFileReference; lastKnownFileType = wrapper.framework; name = CoreGraphics.framework; path = System/Library/Frameworks/CoreGraphics.framework; sourceTree = SDKROOT; };
		3F3FD72619DB4EBC00AAEF97 /* UIKit.framework */ = {isa = PBXFileReference; lastKnownFileType = wrapper.framework; name = UIKit.framework; path = System/Library/Frameworks/UIKit.framework; sourceTree = SDKROOT; };
		3F3FD72A19DB4EBC00AAEF97 /* buhzer-Info.plist */ = {isa = PBXFileReference; lastKnownFileType = text.plist.xml; path = "buhzer-Info.plist"; sourceTree = "<group>"; };
		3F3FD72C19DB4EBC00AAEF97 /* en */ = {isa = PBXFileReference; lastKnownFileType = text.plist.strings; name = en; path = en.lproj/InfoPlist.strings; sourceTree = "<group>"; };
		3F3FD72E19DB4EBC00AAEF97 /* main.m */ = {isa = PBXFileReference; lastKnownFileType = sourcecode.c.objc; path = main.m; sourceTree = "<group>"; };
		3F3FD73019DB4EBC00AAEF97 /* buhzer-Prefix.pch */ = {isa = PBXFileReference; lastKnownFileType = sourcecode.c.h; path = "buhzer-Prefix.pch"; sourceTree = "<group>"; };
		3F3FD73119DB4EBC00AAEF97 /* AppDelegate.h */ = {isa = PBXFileReference; lastKnownFileType = sourcecode.c.h; path = AppDelegate.h; sourceTree = "<group>"; };
		3F3FD73219DB4EBC00AAEF97 /* AppDelegate.m */ = {isa = PBXFileReference; lastKnownFileType = sourcecode.c.objc; path = AppDelegate.m; sourceTree = "<group>"; };
		3F3FD73519DB4EBC00AAEF97 /* Base */ = {isa = PBXFileReference; lastKnownFileType = file.storyboard; name = Base; path = Base.lproj/Main_iPhone.storyboard; sourceTree = "<group>"; };
		3F3FD73819DB4EBC00AAEF97 /* Base */ = {isa = PBXFileReference; lastKnownFileType = file.storyboard; name = Base; path = Base.lproj/Main_iPad.storyboard; sourceTree = "<group>"; };
		3F3FD73A19DB4EBC00AAEF97 /* ViewController.h */ = {isa = PBXFileReference; lastKnownFileType = sourcecode.c.h; path = ViewController.h; sourceTree = "<group>"; };
		3F3FD73B19DB4EBC00AAEF97 /* ViewController.m */ = {isa = PBXFileReference; lastKnownFileType = sourcecode.c.objc; path = ViewController.m; sourceTree = "<group>"; };
		3F3FD73D19DB4EBC00AAEF97 /* Images.xcassets */ = {isa = PBXFileReference; lastKnownFileType = folder.assetcatalog; path = Images.xcassets; sourceTree = "<group>"; };
		3F3FD74319DB4EBC00AAEF97 /* buhzerTests.xctest */ = {isa = PBXFileReference; explicitFileType = wrapper.cfbundle; includeInIndex = 0; path = buhzerTests.xctest; sourceTree = BUILT_PRODUCTS_DIR; };
		3F3FD74419DB4EBC00AAEF97 /* XCTest.framework */ = {isa = PBXFileReference; lastKnownFileType = wrapper.framework; name = XCTest.framework; path = Library/Frameworks/XCTest.framework; sourceTree = DEVELOPER_DIR; };
		3F3FD74C19DB4EBC00AAEF97 /* buhzerTests-Info.plist */ = {isa = PBXFileReference; lastKnownFileType = text.plist.xml; path = "buhzerTests-Info.plist"; sourceTree = "<group>"; };
		3F3FD74E19DB4EBC00AAEF97 /* en */ = {isa = PBXFileReference; lastKnownFileType = text.plist.strings; name = en; path = en.lproj/InfoPlist.strings; sourceTree = "<group>"; };
		3F3FD75019DB4EBC00AAEF97 /* buhzerTests.m */ = {isa = PBXFileReference; lastKnownFileType = sourcecode.c.objc; path = buhzerTests.m; sourceTree = "<group>"; };
		3F3FD75A19DB528600AAEF97 /* AddressBook.framework */ = {isa = PBXFileReference; lastKnownFileType = wrapper.framework; name = AddressBook.framework; path = System/Library/Frameworks/AddressBook.framework; sourceTree = SDKROOT; };
		3F3FD75C19DB528D00AAEF97 /* AssetsLibrary.framework */ = {isa = PBXFileReference; lastKnownFileType = wrapper.framework; name = AssetsLibrary.framework; path = System/Library/Frameworks/AssetsLibrary.framework; sourceTree = SDKROOT; };
		3F3FD75E19DB52D100AAEF97 /* CoreLocation.framework */ = {isa = PBXFileReference; lastKnownFileType = wrapper.framework; name = CoreLocation.framework; path = System/Library/Frameworks/CoreLocation.framework; sourceTree = SDKROOT; };
		3F3FD75F19DB52D100AAEF97 /* CoreMotion.framework */ = {isa = PBXFileReference; lastKnownFileType = wrapper.framework; name = CoreMotion.framework; path = System/Library/Frameworks/CoreMotion.framework; sourceTree = SDKROOT; };
		3F3FD76019DB52D100AAEF97 /* CoreText.framework */ = {isa = PBXFileReference; lastKnownFileType = wrapper.framework; name = CoreText.framework; path = System/Library/Frameworks/CoreText.framework; sourceTree = SDKROOT; };
		3F3FD76119DB52D100AAEF97 /* MediaPlayer.framework */ = {isa = PBXFileReference; lastKnownFileType = wrapper.framework; name = MediaPlayer.framework; path = System/Library/Frameworks/MediaPlayer.framework; sourceTree = SDKROOT; };
		3F3FD76219DB52D100AAEF97 /* Security.framework */ = {isa = PBXFileReference; lastKnownFileType = wrapper.framework; name = Security.framework; path = System/Library/Frameworks/Security.framework; sourceTree = SDKROOT; };
		3F3FD76319DB52D100AAEF97 /* SystemConfiguration.framework */ = {isa = PBXFileReference; lastKnownFileType = wrapper.framework; name = SystemConfiguration.framework; path = System/Library/Frameworks/SystemConfiguration.framework; sourceTree = SDKROOT; };
		3F3FD77019DB548500AAEF97 /* GoogleOpenSource.framework */ = {isa = PBXFileReference; lastKnownFileType = wrapper.framework; name = GoogleOpenSource.framework; path = buhzer/GoogleOpenSource.framework; sourceTree = "<group>"; };
		3F3FD77219DB549300AAEF97 /* GooglePlus.framework */ = {isa = PBXFileReference; lastKnownFileType = wrapper.framework; name = GooglePlus.framework; path = buhzer/GooglePlus.framework; sourceTree = "<group>"; };
		3F3FD77419DB55D900AAEF97 /* GooglePlus.bundle */ = {isa = PBXFileReference; lastKnownFileType = "wrapper.plug-in"; path = GooglePlus.bundle; sourceTree = "<group>"; };
		3F8A0B5519ECB30E008F3F8B /* ProviderViewController.m */ = {isa = PBXFileReference; fileEncoding = 4; lastKnownFileType = sourcecode.c.objc; path = ProviderViewController.m; sourceTree = "<group>"; };
		3F8A0B5919ECB382008F3F8B /* ProviderViewController.h */ = {isa = PBXFileReference; fileEncoding = 4; lastKnownFileType = sourcecode.c.h; path = ProviderViewController.h; sourceTree = "<group>"; };
		3F8A0B5D19F60846008F3F8B /* buzher-logo.png */ = {isa = PBXFileReference; lastKnownFileType = image.png; path = "buzher-logo.png"; sourceTree = "<group>"; };
		3F92D6EC19E3BD0800B64DF5 /* User.h */ = {isa = PBXFileReference; fileEncoding = 4; lastKnownFileType = sourcecode.c.h; path = User.h; sourceTree = "<group>"; };
		3FB00D7E19E233690040AC87 /* HomeViewController.m */ = {isa = PBXFileReference; fileEncoding = 4; lastKnownFileType = sourcecode.c.objc; path = HomeViewController.m; sourceTree = "<group>"; };
		3FB00D8019E233D70040AC87 /* HomeViewController.h */ = {isa = PBXFileReference; fileEncoding = 4; lastKnownFileType = sourcecode.c.h; path = HomeViewController.h; sourceTree = "<group>"; };
		3FB00EE719E3B5E90040AC87 /* Podfile */ = {isa = PBXFileReference; fileEncoding = 4; lastKnownFileType = text; path = Podfile; sourceTree = "<group>"; xcLanguageSpecificationIdentifier = xcode.lang.ruby; };
		A23A617EFA7AEC330D94796A /* Pods.debug.xcconfig */ = {isa = PBXFileReference; includeInIndex = 1; lastKnownFileType = text.xcconfig; name = Pods.debug.xcconfig; path = "Pods/Target Support Files/Pods/Pods.debug.xcconfig"; sourceTree = "<group>"; };
		A72D3005C1F017051940842E /* libPods.a */ = {isa = PBXFileReference; explicitFileType = archive.ar; includeInIndex = 0; path = libPods.a; sourceTree = BUILT_PRODUCTS_DIR; };
		D590313DAB76237811623072 /* Pods.release.xcconfig */ = {isa = PBXFileReference; includeInIndex = 1; lastKnownFileType = text.xcconfig; name = Pods.release.xcconfig; path = "Pods/Target Support Files/Pods/Pods.release.xcconfig"; sourceTree = "<group>"; };
/* End PBXFileReference section */

/* Begin PBXFrameworksBuildPhase section */
		3F3FD71C19DB4EBC00AAEF97 /* Frameworks */ = {
			isa = PBXFrameworksBuildPhase;
			buildActionMask = 2147483647;
			files = (
				3F3FD77319DB549300AAEF97 /* GooglePlus.framework in Frameworks */,
				3F3FD77119DB548500AAEF97 /* GoogleOpenSource.framework in Frameworks */,
				3F3FD76419DB52D100AAEF97 /* CoreLocation.framework in Frameworks */,
				3F3FD76519DB52D100AAEF97 /* CoreMotion.framework in Frameworks */,
				3F3FD76619DB52D100AAEF97 /* CoreText.framework in Frameworks */,
				3F3FD76719DB52D100AAEF97 /* MediaPlayer.framework in Frameworks */,
				3F3FD76819DB52D100AAEF97 /* Security.framework in Frameworks */,
				3F3FD76919DB52D100AAEF97 /* SystemConfiguration.framework in Frameworks */,
				3F3FD72519DB4EBC00AAEF97 /* CoreGraphics.framework in Frameworks */,
				3F3FD75D19DB528D00AAEF97 /* AssetsLibrary.framework in Frameworks */,
				3F3FD75B19DB528600AAEF97 /* AddressBook.framework in Frameworks */,
				3F3FD72719DB4EBC00AAEF97 /* UIKit.framework in Frameworks */,
				3F3FD72319DB4EBC00AAEF97 /* Foundation.framework in Frameworks */,
				2599B0DCC501F5A280F1F2AD /* libPods.a in Frameworks */,
			);
			runOnlyForDeploymentPostprocessing = 0;
		};
		3F3FD74019DB4EBC00AAEF97 /* Frameworks */ = {
			isa = PBXFrameworksBuildPhase;
			buildActionMask = 2147483647;
			files = (
				3F3FD74519DB4EBC00AAEF97 /* XCTest.framework in Frameworks */,
				3F3FD74719DB4EBC00AAEF97 /* UIKit.framework in Frameworks */,
				3F3FD74619DB4EBC00AAEF97 /* Foundation.framework in Frameworks */,
			);
			runOnlyForDeploymentPostprocessing = 0;
		};
/* End PBXFrameworksBuildPhase section */

/* Begin PBXGroup section */
		3F3FD71619DB4EBC00AAEF97 = {
			isa = PBXGroup;
			children = (
				3F8A0B5D19F60846008F3F8B /* buzher-logo.png */,
				3FB00EE719E3B5E90040AC87 /* Podfile */,
				3F3FD77419DB55D900AAEF97 /* GooglePlus.bundle */,
				3F3FD72819DB4EBC00AAEF97 /* buhzer */,
				3F3FD74A19DB4EBC00AAEF97 /* buhzerTests */,
				3F3FD72119DB4EBC00AAEF97 /* Frameworks */,
				3F3FD72019DB4EBC00AAEF97 /* Products */,
				A220EF7ADF654F6AC70B35EA /* Pods */,
			);
			sourceTree = "<group>";
		};
		3F3FD72019DB4EBC00AAEF97 /* Products */ = {
			isa = PBXGroup;
			children = (
				3F3FD71F19DB4EBC00AAEF97 /* buhzer.app */,
				3F3FD74319DB4EBC00AAEF97 /* buhzerTests.xctest */,
			);
			name = Products;
			sourceTree = "<group>";
		};
		3F3FD72119DB4EBC00AAEF97 /* Frameworks */ = {
			isa = PBXGroup;
			children = (
				3F3FD77219DB549300AAEF97 /* GooglePlus.framework */,
				3F3FD77019DB548500AAEF97 /* GoogleOpenSource.framework */,
				3F3FD75E19DB52D100AAEF97 /* CoreLocation.framework */,
				3F3FD75F19DB52D100AAEF97 /* CoreMotion.framework */,
				3F3FD76019DB52D100AAEF97 /* CoreText.framework */,
				3F3FD76119DB52D100AAEF97 /* MediaPlayer.framework */,
				3F3FD76219DB52D100AAEF97 /* Security.framework */,
				3F3FD76319DB52D100AAEF97 /* SystemConfiguration.framework */,
				3F3FD75C19DB528D00AAEF97 /* AssetsLibrary.framework */,
				3F3FD75A19DB528600AAEF97 /* AddressBook.framework */,
				3F3FD72219DB4EBC00AAEF97 /* Foundation.framework */,
				3F3FD72419DB4EBC00AAEF97 /* CoreGraphics.framework */,
				3F3FD72619DB4EBC00AAEF97 /* UIKit.framework */,
				3F3FD74419DB4EBC00AAEF97 /* XCTest.framework */,
				A72D3005C1F017051940842E /* libPods.a */,
			);
			name = Frameworks;
			sourceTree = "<group>";
		};
		3F3FD72819DB4EBC00AAEF97 /* buhzer */ = {
			isa = PBXGroup;
			children = (
				3F3FD73119DB4EBC00AAEF97 /* AppDelegate.h */,
				3F3FD73219DB4EBC00AAEF97 /* AppDelegate.m */,
				3F3FD73419DB4EBC00AAEF97 /* Main_iPhone.storyboard */,
				3F3FD73719DB4EBC00AAEF97 /* Main_iPad.storyboard */,
				3F92D6EC19E3BD0800B64DF5 /* User.h */,
				3F3FD73A19DB4EBC00AAEF97 /* ViewController.h */,
				3F3FD73B19DB4EBC00AAEF97 /* ViewController.m */,
				3FB00D8019E233D70040AC87 /* HomeViewController.h */,
				3FB00D7E19E233690040AC87 /* HomeViewController.m */,
				3F3FD73D19DB4EBC00AAEF97 /* Images.xcassets */,
				3F3FD72919DB4EBC00AAEF97 /* Supporting Files */,
				3F1CA49719E3BE1700FA1CA8 /* User.m */,
				3F1CA4A019ECA0DF00FA1CA8 /* Settings.bundle */,
				3F8A0B5519ECB30E008F3F8B /* ProviderViewController.m */,
				3F8A0B5919ECB382008F3F8B /* ProviderViewController.h */,
				3F35E83A1A08799E008A474A /* Entry.m */,
				3F35E83C1A0879C1008A474A /* EntryTest.m */,
				3F35E83E1A0879DE008A474A /* WaitlistQueue.m */,
				3F35E8401A0879F7008A474A /* Waitlist.m */,
				3F35E8421A087A39008A474A /* Waitlist.h */,
				3F35E8431A087A47008A474A /* Entry.h */,
				3F35E8441A087A51008A474A /* WaitlistQueue.h */,
			);
			path = buhzer;
			sourceTree = "<group>";
		};
		3F3FD72919DB4EBC00AAEF97 /* Supporting Files */ = {
			isa = PBXGroup;
			children = (
				3F3FD72A19DB4EBC00AAEF97 /* buhzer-Info.plist */,
				3F3FD72B19DB4EBC00AAEF97 /* InfoPlist.strings */,
				3F3FD72E19DB4EBC00AAEF97 /* main.m */,
				3F3FD73019DB4EBC00AAEF97 /* buhzer-Prefix.pch */,
			);
			name = "Supporting Files";
			sourceTree = "<group>";
		};
		3F3FD74A19DB4EBC00AAEF97 /* buhzerTests */ = {
			isa = PBXGroup;
			children = (
				3F3FD75019DB4EBC00AAEF97 /* buhzerTests.m */,
				3F3FD74B19DB4EBC00AAEF97 /* Supporting Files */,
			);
			path = buhzerTests;
			sourceTree = "<group>";
		};
		3F3FD74B19DB4EBC00AAEF97 /* Supporting Files */ = {
			isa = PBXGroup;
			children = (
				3F3FD74C19DB4EBC00AAEF97 /* buhzerTests-Info.plist */,
				3F3FD74D19DB4EBC00AAEF97 /* InfoPlist.strings */,
			);
			name = "Supporting Files";
			sourceTree = "<group>";
		};
		A220EF7ADF654F6AC70B35EA /* Pods */ = {
			isa = PBXGroup;
			children = (
				A23A617EFA7AEC330D94796A /* Pods.debug.xcconfig */,
				D590313DAB76237811623072 /* Pods.release.xcconfig */,
			);
			name = Pods;
			sourceTree = "<group>";
		};
/* End PBXGroup section */

/* Begin PBXNativeTarget section */
		3F3FD71E19DB4EBC00AAEF97 /* buhzer */ = {
			isa = PBXNativeTarget;
			buildConfigurationList = 3F3FD75419DB4EBC00AAEF97 /* Build configuration list for PBXNativeTarget "buhzer" */;
			buildPhases = (
				AB69C5D7C5966C90ED7F9E16 /* Check Pods Manifest.lock */,
				3F3FD71B19DB4EBC00AAEF97 /* Sources */,
				3F3FD71C19DB4EBC00AAEF97 /* Frameworks */,
				3F3FD71D19DB4EBC00AAEF97 /* Resources */,
				C6F3781A6A0EEC6CD3FAEFB9 /* Copy Pods Resources */,
			);
			buildRules = (
			);
			dependencies = (
			);
			name = buhzer;
			productName = buhzer;
			productReference = 3F3FD71F19DB4EBC00AAEF97 /* buhzer.app */;
			productType = "com.apple.product-type.application";
		};
		3F3FD74219DB4EBC00AAEF97 /* buhzerTests */ = {
			isa = PBXNativeTarget;
			buildConfigurationList = 3F3FD75719DB4EBC00AAEF97 /* Build configuration list for PBXNativeTarget "buhzerTests" */;
			buildPhases = (
				3F3FD73F19DB4EBC00AAEF97 /* Sources */,
				3F3FD74019DB4EBC00AAEF97 /* Frameworks */,
				3F3FD74119DB4EBC00AAEF97 /* Resources */,
			);
			buildRules = (
			);
			dependencies = (
				3F3FD74919DB4EBC00AAEF97 /* PBXTargetDependency */,
			);
			name = buhzerTests;
			productName = buhzerTests;
			productReference = 3F3FD74319DB4EBC00AAEF97 /* buhzerTests.xctest */;
			productType = "com.apple.product-type.bundle.unit-test";
		};
/* End PBXNativeTarget section */

/* Begin PBXProject section */
		3F3FD71719DB4EBC00AAEF97 /* Project object */ = {
			isa = PBXProject;
			attributes = {
				LastUpgradeCheck = 0510;
				ORGANIZATIONNAME = cs98;
				TargetAttributes = {
					3F3FD71E19DB4EBC00AAEF97 = {
						DevelopmentTeam = MNREEZ2CBT;
					};
					3F3FD74219DB4EBC00AAEF97 = {
						TestTargetID = 3F3FD71E19DB4EBC00AAEF97;
					};
				};
			};
			buildConfigurationList = 3F3FD71A19DB4EBC00AAEF97 /* Build configuration list for PBXProject "buhzer" */;
			compatibilityVersion = "Xcode 3.2";
			developmentRegion = English;
			hasScannedForEncodings = 0;
			knownRegions = (
				en,
				Base,
			);
			mainGroup = 3F3FD71619DB4EBC00AAEF97;
			productRefGroup = 3F3FD72019DB4EBC00AAEF97 /* Products */;
			projectDirPath = "";
			projectRoot = "";
			targets = (
				3F3FD71E19DB4EBC00AAEF97 /* buhzer */,
				3F3FD74219DB4EBC00AAEF97 /* buhzerTests */,
			);
		};
/* End PBXProject section */

/* Begin PBXResourcesBuildPhase section */
		3F3FD71D19DB4EBC00AAEF97 /* Resources */ = {
			isa = PBXResourcesBuildPhase;
			buildActionMask = 2147483647;
			files = (
				3F8A0B5E19F60846008F3F8B /* buzher-logo.png in Resources */,
				3FB00EE819E3B5E90040AC87 /* Podfile in Resources */,
				3F3FD73919DB4EBC00AAEF97 /* Main_iPad.storyboard in Resources */,
				3F3FD77519DB55D900AAEF97 /* GooglePlus.bundle in Resources */,
				3F3FD73E19DB4EBC00AAEF97 /* Images.xcassets in Resources */,
				3F3FD73619DB4EBC00AAEF97 /* Main_iPhone.storyboard in Resources */,
				3F3FD72D19DB4EBC00AAEF97 /* InfoPlist.strings in Resources */,
				3F1CA4A119ECA0DF00FA1CA8 /* Settings.bundle in Resources */,
			);
			runOnlyForDeploymentPostprocessing = 0;
		};
		3F3FD74119DB4EBC00AAEF97 /* Resources */ = {
			isa = PBXResourcesBuildPhase;
			buildActionMask = 2147483647;
			files = (
				3F8A0B5F19F60846008F3F8B /* buzher-logo.png in Resources */,
				3F3FD77619DB55D900AAEF97 /* GooglePlus.bundle in Resources */,
				3F1CA4A219ECA0DF00FA1CA8 /* Settings.bundle in Resources */,
				3F3FD74F19DB4EBC00AAEF97 /* InfoPlist.strings in Resources */,
			);
			runOnlyForDeploymentPostprocessing = 0;
		};
/* End PBXResourcesBuildPhase section */

/* Begin PBXShellScriptBuildPhase section */
		AB69C5D7C5966C90ED7F9E16 /* Check Pods Manifest.lock */ = {
			isa = PBXShellScriptBuildPhase;
			buildActionMask = 2147483647;
			files = (
			);
			inputPaths = (
			);
			name = "Check Pods Manifest.lock";
			outputPaths = (
			);
			runOnlyForDeploymentPostprocessing = 0;
			shellPath = /bin/sh;
			shellScript = "diff \"${PODS_ROOT}/../Podfile.lock\" \"${PODS_ROOT}/Manifest.lock\" > /dev/null\nif [[ $? != 0 ]] ; then\n    cat << EOM\nerror: The sandbox is not in sync with the Podfile.lock. Run 'pod install' or update your CocoaPods installation.\nEOM\n    exit 1\nfi\n";
			showEnvVarsInLog = 0;
		};
		C6F3781A6A0EEC6CD3FAEFB9 /* Copy Pods Resources */ = {
			isa = PBXShellScriptBuildPhase;
			buildActionMask = 2147483647;
			files = (
			);
			inputPaths = (
			);
			name = "Copy Pods Resources";
			outputPaths = (
			);
			runOnlyForDeploymentPostprocessing = 0;
			shellPath = /bin/sh;
			shellScript = "\"${SRCROOT}/Pods/Target Support Files/Pods/Pods-resources.sh\"\n";
			showEnvVarsInLog = 0;
		};
/* End PBXShellScriptBuildPhase section */

/* Begin PBXSourcesBuildPhase section */
		3F3FD71B19DB4EBC00AAEF97 /* Sources */ = {
			isa = PBXSourcesBuildPhase;
			buildActionMask = 2147483647;
			files = (
				3F35E83D1A0879C1008A474A /* EntryTest.m in Sources */,
				3F1CA49819E3BE1700FA1CA8 /* User.m in Sources */,
				3F35E8411A0879F7008A474A /* Waitlist.m in Sources */,
				3F3FD73C19DB4EBC00AAEF97 /* ViewController.m in Sources */,
				3F35E83B1A08799E008A474A /* Entry.m in Sources */,
				3F3FD73319DB4EBC00AAEF97 /* AppDelegate.m in Sources */,
				3F3FD72F19DB4EBC00AAEF97 /* main.m in Sources */,
				3FB00D7F19E233690040AC87 /* HomeViewController.m in Sources */,
				3F8A0B5619ECB30E008F3F8B /* ProviderViewController.m in Sources */,
				3F35E83F1A0879DE008A474A /* WaitlistQueue.m in Sources */,
			);
			runOnlyForDeploymentPostprocessing = 0;
		};
		3F3FD73F19DB4EBC00AAEF97 /* Sources */ = {
			isa = PBXSourcesBuildPhase;
			buildActionMask = 2147483647;
			files = (
				3F1CA49919E3BE1700FA1CA8 /* User.m in Sources */,
				3F3FD75119DB4EBC00AAEF97 /* buhzerTests.m in Sources */,
				3F8A0B5719ECB30E008F3F8B /* ProviderViewController.m in Sources */,
			);
			runOnlyForDeploymentPostprocessing = 0;
		};
/* End PBXSourcesBuildPhase section */

/* Begin PBXTargetDependency section */
		3F3FD74919DB4EBC00AAEF97 /* PBXTargetDependency */ = {
			isa = PBXTargetDependency;
			target = 3F3FD71E19DB4EBC00AAEF97 /* buhzer */;
			targetProxy = 3F3FD74819DB4EBC00AAEF97 /* PBXContainerItemProxy */;
		};
/* End PBXTargetDependency section */

/* Begin PBXVariantGroup section */
		3F3FD72B19DB4EBC00AAEF97 /* InfoPlist.strings */ = {
			isa = PBXVariantGroup;
			children = (
				3F3FD72C19DB4EBC00AAEF97 /* en */,
			);
			name = InfoPlist.strings;
			sourceTree = "<group>";
		};
		3F3FD73419DB4EBC00AAEF97 /* Main_iPhone.storyboard */ = {
			isa = PBXVariantGroup;
			children = (
				3F3FD73519DB4EBC00AAEF97 /* Base */,
			);
			name = Main_iPhone.storyboard;
			sourceTree = "<group>";
		};
		3F3FD73719DB4EBC00AAEF97 /* Main_iPad.storyboard */ = {
			isa = PBXVariantGroup;
			children = (
				3F3FD73819DB4EBC00AAEF97 /* Base */,
			);
			name = Main_iPad.storyboard;
			sourceTree = "<group>";
		};
		3F3FD74D19DB4EBC00AAEF97 /* InfoPlist.strings */ = {
			isa = PBXVariantGroup;
			children = (
				3F3FD74E19DB4EBC00AAEF97 /* en */,
			);
			name = InfoPlist.strings;
			sourceTree = "<group>";
		};
/* End PBXVariantGroup section */

/* Begin XCBuildConfiguration section */
		3F3FD75219DB4EBC00AAEF97 /* Debug */ = {
			isa = XCBuildConfiguration;
			buildSettings = {
				ALWAYS_SEARCH_USER_PATHS = NO;
				CLANG_CXX_LANGUAGE_STANDARD = "gnu++0x";
				CLANG_CXX_LIBRARY = "libc++";
				CLANG_ENABLE_MODULES = YES;
				CLANG_ENABLE_OBJC_ARC = YES;
				CLANG_WARN_BOOL_CONVERSION = YES;
				CLANG_WARN_CONSTANT_CONVERSION = YES;
				CLANG_WARN_DIRECT_OBJC_ISA_USAGE = YES_ERROR;
				CLANG_WARN_EMPTY_BODY = YES;
				CLANG_WARN_ENUM_CONVERSION = YES;
				CLANG_WARN_INT_CONVERSION = YES;
				CLANG_WARN_OBJC_ROOT_CLASS = YES_ERROR;
				CLANG_WARN__DUPLICATE_METHOD_MATCH = YES;
				"CODE_SIGN_IDENTITY[sdk=iphoneos*]" = "iPhone Developer";
				COPY_PHASE_STRIP = NO;
				GCC_C_LANGUAGE_STANDARD = gnu99;
				GCC_DYNAMIC_NO_PIC = NO;
				GCC_OPTIMIZATION_LEVEL = 0;
				GCC_PREPROCESSOR_DEFINITIONS = (
					"DEBUG=1",
					"$(inherited)",
				);
				GCC_SYMBOLS_PRIVATE_EXTERN = NO;
				GCC_WARN_64_TO_32_BIT_CONVERSION = YES;
				GCC_WARN_ABOUT_RETURN_TYPE = YES_ERROR;
				GCC_WARN_UNDECLARED_SELECTOR = YES;
				GCC_WARN_UNINITIALIZED_AUTOS = YES_AGGRESSIVE;
				GCC_WARN_UNUSED_FUNCTION = YES;
				GCC_WARN_UNUSED_VARIABLE = YES;
				IPHONEOS_DEPLOYMENT_TARGET = 7.1;
				ONLY_ACTIVE_ARCH = YES;
				SDKROOT = iphoneos;
				TARGETED_DEVICE_FAMILY = "1,2";
			};
			name = Debug;
		};
		3F3FD75319DB4EBC00AAEF97 /* Release */ = {
			isa = XCBuildConfiguration;
			buildSettings = {
				ALWAYS_SEARCH_USER_PATHS = NO;
				CLANG_CXX_LANGUAGE_STANDARD = "gnu++0x";
				CLANG_CXX_LIBRARY = "libc++";
				CLANG_ENABLE_MODULES = YES;
				CLANG_ENABLE_OBJC_ARC = YES;
				CLANG_WARN_BOOL_CONVERSION = YES;
				CLANG_WARN_CONSTANT_CONVERSION = YES;
				CLANG_WARN_DIRECT_OBJC_ISA_USAGE = YES_ERROR;
				CLANG_WARN_EMPTY_BODY = YES;
				CLANG_WARN_ENUM_CONVERSION = YES;
				CLANG_WARN_INT_CONVERSION = YES;
				CLANG_WARN_OBJC_ROOT_CLASS = YES_ERROR;
				CLANG_WARN__DUPLICATE_METHOD_MATCH = YES;
				"CODE_SIGN_IDENTITY[sdk=iphoneos*]" = "iPhone Developer";
				COPY_PHASE_STRIP = YES;
				ENABLE_NS_ASSERTIONS = NO;
				GCC_C_LANGUAGE_STANDARD = gnu99;
				GCC_WARN_64_TO_32_BIT_CONVERSION = YES;
				GCC_WARN_ABOUT_RETURN_TYPE = YES_ERROR;
				GCC_WARN_UNDECLARED_SELECTOR = YES;
				GCC_WARN_UNINITIALIZED_AUTOS = YES_AGGRESSIVE;
				GCC_WARN_UNUSED_FUNCTION = YES;
				GCC_WARN_UNUSED_VARIABLE = YES;
				IPHONEOS_DEPLOYMENT_TARGET = 7.1;
				SDKROOT = iphoneos;
				TARGETED_DEVICE_FAMILY = "1,2";
				VALIDATE_PRODUCT = YES;
			};
			name = Release;
		};
		3F3FD75519DB4EBC00AAEF97 /* Debug */ = {
			isa = XCBuildConfiguration;
			baseConfigurationReference = A23A617EFA7AEC330D94796A /* Pods.debug.xcconfig */;
			buildSettings = {
				ASSETCATALOG_COMPILER_APPICON_NAME = AppIcon;
				ASSETCATALOG_COMPILER_LAUNCHIMAGE_NAME = LaunchImage;
				CODE_SIGN_IDENTITY = "iPhone Developer";
				"CODE_SIGN_IDENTITY[sdk=iphoneos*]" = "iPhone Developer";
				FRAMEWORK_SEARCH_PATHS = (
					"$(inherited)",
					"$(PROJECT_DIR)",
					"$(PROJECT_DIR)/buhzer",
				);
				GCC_PRECOMPILE_PREFIX_HEADER = YES;
				GCC_PREFIX_HEADER = "buhzer/buhzer-Prefix.pch";
				INFOPLIST_FILE = "buhzer/buhzer-Info.plist";
				ONLY_ACTIVE_ARCH = YES;
				OTHER_LDFLAGS = (
					"-ObjC",
					"$(inherited)",
				);
				PRODUCT_NAME = "$(TARGET_NAME)";
				PROVISIONING_PROFILE = "";
				VALID_ARCHS = "armv7 armv7s arm64";
				WRAPPER_EXTENSION = app;
			};
			name = Debug;
		};
		3F3FD75619DB4EBC00AAEF97 /* Release */ = {
			isa = XCBuildConfiguration;
			baseConfigurationReference = D590313DAB76237811623072 /* Pods.release.xcconfig */;
			buildSettings = {
				ASSETCATALOG_COMPILER_APPICON_NAME = AppIcon;
				ASSETCATALOG_COMPILER_LAUNCHIMAGE_NAME = LaunchImage;
				CODE_SIGN_IDENTITY = "iPhone Developer";
				"CODE_SIGN_IDENTITY[sdk=iphoneos*]" = "iPhone Developer";
				FRAMEWORK_SEARCH_PATHS = (
					"$(inherited)",
					"$(PROJECT_DIR)",
					"$(PROJECT_DIR)/buhzer",
				);
				GCC_PRECOMPILE_PREFIX_HEADER = YES;
				GCC_PREFIX_HEADER = "buhzer/buhzer-Prefix.pch";
				INFOPLIST_FILE = "buhzer/buhzer-Info.plist";
				ONLY_ACTIVE_ARCH = YES;
				OTHER_LDFLAGS = (
					"-ObjC",
					"$(inherited)",
				);
				PRODUCT_NAME = "$(TARGET_NAME)";
				PROVISIONING_PROFILE = "";
				VALID_ARCHS = "armv7 armv7s arm64";
				WRAPPER_EXTENSION = app;
			};
			name = Release;
		};
		3F3FD75819DB4EBC00AAEF97 /* Debug */ = {
			isa = XCBuildConfiguration;
			buildSettings = {
				BUNDLE_LOADER = "$(BUILT_PRODUCTS_DIR)/buhzer.app/buhzer";
				FRAMEWORK_SEARCH_PATHS = (
					"$(SDKROOT)/Developer/Library/Frameworks",
					"$(inherited)",
					"$(DEVELOPER_FRAMEWORKS_DIR)",
					"$(PROJECT_DIR)",
				);
				GCC_PRECOMPILE_PREFIX_HEADER = YES;
				GCC_PREFIX_HEADER = "buhzer/buhzer-Prefix.pch";
				GCC_PREPROCESSOR_DEFINITIONS = (
					"DEBUG=1",
					"$(inherited)",
				);
				INFOPLIST_FILE = "buhzerTests/buhzerTests-Info.plist";
				PRODUCT_NAME = "$(TARGET_NAME)";
				TEST_HOST = "$(BUNDLE_LOADER)";
				WRAPPER_EXTENSION = xctest;
			};
			name = Debug;
		};
		3F3FD75919DB4EBC00AAEF97 /* Release */ = {
			isa = XCBuildConfiguration;
			buildSettings = {
				BUNDLE_LOADER = "$(BUILT_PRODUCTS_DIR)/buhzer.app/buhzer";
				FRAMEWORK_SEARCH_PATHS = (
					"$(SDKROOT)/Developer/Library/Frameworks",
					"$(inherited)",
					"$(DEVELOPER_FRAMEWORKS_DIR)",
					"$(PROJECT_DIR)",
				);
				GCC_PRECOMPILE_PREFIX_HEADER = YES;
				GCC_PREFIX_HEADER = "buhzer/buhzer-Prefix.pch";
				INFOPLIST_FILE = "buhzerTests/buhzerTests-Info.plist";
				PRODUCT_NAME = "$(TARGET_NAME)";
				TEST_HOST = "$(BUNDLE_LOADER)";
				WRAPPER_EXTENSION = xctest;
			};
			name = Release;
		};
/* End XCBuildConfiguration section */

/* Begin XCConfigurationList section */
		3F3FD71A19DB4EBC00AAEF97 /* Build configuration list for PBXProject "buhzer" */ = {
			isa = XCConfigurationList;
			buildConfigurations = (
				3F3FD75219DB4EBC00AAEF97 /* Debug */,
				3F3FD75319DB4EBC00AAEF97 /* Release */,
			);
			defaultConfigurationIsVisible = 0;
			defaultConfigurationName = Release;
		};
		3F3FD75419DB4EBC00AAEF97 /* Build configuration list for PBXNativeTarget "buhzer" */ = {
			isa = XCConfigurationList;
			buildConfigurations = (
				3F3FD75519DB4EBC00AAEF97 /* Debug */,
				3F3FD75619DB4EBC00AAEF97 /* Release */,
			);
			defaultConfigurationIsVisible = 0;
			defaultConfigurationName = Release;
		};
		3F3FD75719DB4EBC00AAEF97 /* Build configuration list for PBXNativeTarget "buhzerTests" */ = {
			isa = XCConfigurationList;
			buildConfigurations = (
				3F3FD75819DB4EBC00AAEF97 /* Debug */,
				3F3FD75919DB4EBC00AAEF97 /* Release */,
			);
			defaultConfigurationIsVisible = 0;
			defaultConfigurationName = Release;
		};
/* End XCConfigurationList section */
	};
	rootObject = 3F3FD71719DB4EBC00AAEF97 /* Project object */;
}
